{
    "name": "admin",
    "version": "0.0.0",
    "lockfileVersion": 3,
    "requires": true,
    "packages": {
        "": {
            "name": "admin",
            "version": "0.0.0",
            "dependencies": {
                "@tanstack/react-query": "^5.90.21",
                "react": "^18.2.0",
                "react-dom": "^18.2.0",
                "react-hot-toast": "^2.6.0",
                "react-router-dom": "^7.13.1"
            },
            "devDependencies": {
                "@vitejs/plugin-react": "^4.2.1",
                "autoprefixer": "^10.4.19",
                "postcss": "^8.4.38",
                "tailwindcss": "^3.4.3",
                "vite": "^5.2.2"
            }
        },
        "../../node_modules/.pnpm/@tanstack+react-query@5.90.21_react@18.3.1/node_modules/@tanstack/react-query": {
            "version": "5.90.21",
            "license": "MIT",
            "dependencies": {
                "@tanstack/query-core": "5.90.20"
            },
            "devDependencies": {
                "@tanstack/query-persist-client-core": "5.91.19",
                "@tanstack/query-test-utils": "0.0.0",
                "@testing-library/react": "^16.1.0",
                "@testing-library/react-render-stream": "^2.0.2",
                "@types/react": "^19.2.7",
                "@types/react-dom": "^19.2.3",
                "@vitejs/plugin-react": "^4.3.4",
                "cpy-cli": "^5.0.0",
                "npm-run-all2": "^5.0.0",
                "react": "^19.2.1",
                "react-dom": "^19.2.1",
                "react-error-boundary": "^4.1.2"
            },
            "funding": {
                "type": "github",
                "url": "https://github.com/sponsors/tannerlinsley"
            },
            "peerDependencies": {
                "react": "^18 || ^19"
            }
        },
        "../../node_modules/.pnpm/@vitejs+plugin-react@4.7.0_vite@5.4.21_lightningcss@1.31.1_/node_modules/@vitejs/plugin-react": {
            "version": "4.7.0",
            "dev": true,
            "license": "MIT",
            "dependencies": {
                "@babel/core": "^7.28.0",
                "@babel/plugin-transform-react-jsx-self": "^7.27.1",
                "@babel/plugin-transform-react-jsx-source": "^7.27.1",
                "@rolldown/pluginutils": "1.0.0-beta.27",
                "@types/babel__core": "^7.20.5",
                "react-refresh": "^0.17.0"
            },
            "devDependencies": {
                "@vitejs/react-common": "workspace:*",
                "babel-plugin-react-compiler": "19.1.0-rc.2",
                "react": "^19.1.0",
                "react-dom": "^19.1.0",
                "rolldown": "1.0.0-beta.27",
                "tsdown": "^0.12.9",
                "vitest": "^3.2.4"
            },
            "engines": {
                "node": "^14.18.0 || >=16.0.0"
            },
            "peerDependencies": {
                "vite": "^4.2.0 || ^5.0.0 || ^6.0.0 || ^7.0.0"
            }
        },
        "../../node_modules/.pnpm/autoprefixer@10.4.24_postcss@8.5.6/node_modules/autoprefixer": {
            "version": "10.4.24",
            "dev": true,
            "funding": [
                {
                    "type": "opencollective",
                    "url": "https://opencollective.com/postcss/"
                },
                {
                    "type": "tidelift",
                    "url": "https://tidelift.com/funding/github/npm/autoprefixer"
                },
                {
                    "type": "github",
                    "url": "https://github.com/sponsors/ai"
                }
            ],
            "license": "MIT",
            "dependencies": {
                "browserslist": "^4.28.1",
                "caniuse-lite": "^1.0.30001766",
                "fraction.js": "^5.3.4",
                "picocolors": "^1.1.1",
                "postcss-value-parser": "^4.2.0"
            },
            "bin": {
                "autoprefixer": "bin/autoprefixer"
            },
            "engines": {
                "node": "^10 || ^12 || >=14"
            },
            "peerDependencies": {
                "postcss": "^8.1.0"
            }
        },
        "../../node_modules/.pnpm/postcss@8.5.6/node_modules/postcss": {
            "version": "8.5.6",
            "dev": true,
            "funding": [
                {
                    "type": "opencollective",
                    "url": "https://opencollective.com/postcss/"
                },
                {
                    "type": "tidelift",
                    "url": "https://tidelift.com/funding/github/npm/postcss"
                },
                {
                    "type": "github",
                    "url": "https://github.com/sponsors/ai"
                }
            ],
            "license": "MIT",
            "dependencies": {
                "nanoid": "^3.3.11",
                "picocolors": "^1.1.1",
                "source-map-js": "^1.2.1"
            },
            "engines": {
                "node": "^10 || ^12 || >=14"
            }
        },
        "../../node_modules/.pnpm/react-dom@18.3.1_react@18.3.1/node_modules/react-dom": {
            "version": "18.3.1",
            "license": "MIT",
            "dependencies": {
                "loose-envify": "^1.1.0",
                "scheduler": "^0.23.2"
            },
            "peerDependencies": {
                "react": "^18.3.1"
            }
        },
        "../../node_modules/.pnpm/react-hot-toast@2.6.0_react_ded90e1b846baadbbbfd259e63483099/node_modules/react-hot-toast": {
            "version": "2.6.0",
            "license": "MIT",
            "dependencies": {
                "csstype": "^3.1.3",
                "goober": "^2.1.16"
            },
            "devDependencies": {
                "@jest/types": "^29.6.3",
                "@size-limit/preset-small-lib": "^7.0.8",
                "@testing-library/jest-dom": "^6.6.3",
                "@testing-library/react": "^16.1.0",
                "@types/jest": "^29.5.14",
                "@types/react": "^18.3.18",
                "@types/react-dom": "^18.3.5",
                "esbuild-minify-templates": "^0.13.1",
                "jest": "^29.7.0",
                "jest-environment-jsdom": "^29.7.0",
                "prettier": "^2.8.8",
                "react": "^18.3.1",
                "react-dom": "^18.3.1",
                "size-limit": "^7.0.8",
                "ts-jest": "^29.2.5",
                "tslib": "^2.8.1",
                "tsup": "^6.7.0",
                "typescript": "^5.7.2"
            },
            "engines": {
                "node": ">=10"
            },
            "peerDependencies": {
                "react": ">=16",
                "react-dom": ">=16"
            }
        },
        "../../node_modules/.pnpm/react@18.3.1/node_modules/react": {
            "version": "18.3.1",
            "license": "MIT",
            "dependencies": {
                "loose-envify": "^1.1.0"
            },
            "engines": {
                "node": ">=0.10.0"
            }
        },
        "../../node_modules/.pnpm/tailwindcss@3.4.19/node_modules/tailwindcss": {
            "version": "3.4.19",
            "dev": true,
            "license": "MIT",
            "dependencies": {
                "@alloc/quick-lru": "^5.2.0",
                "arg": "^5.0.2",
                "chokidar": "^3.6.0",
                "didyoumean": "^1.2.2",
                "dlv": "^1.1.3",
                "fast-glob": "^3.3.2",
                "glob-parent": "^6.0.2",
                "is-glob": "^4.0.3",
                "jiti": "^1.21.7",
                "lilconfig": "^3.1.3",
                "micromatch": "^4.0.8",
                "normalize-path": "^3.0.0",
                "object-hash": "^3.0.0",
                "picocolors": "^1.1.1",
                "postcss": "^8.4.47",
                "postcss-import": "^15.1.0",
                "postcss-js": "^4.0.1",
                "postcss-load-config": "^4.0.2 || ^5.0 || ^6.0",
                "postcss-nested": "^6.2.0",
                "postcss-selector-parser": "^6.1.2",
                "resolve": "^1.22.8",
                "sucrase": "^3.35.0"
            },
            "bin": {
                "tailwind": "lib/cli.js",
                "tailwindcss": "lib/cli.js"
            },
            "devDependencies": {
                "@swc/cli": "0.1.62",
                "@swc/core": "1.3.55",
                "@swc/jest": "0.2.26",
                "@swc/register": "0.1.10",
                "autoprefixer": "^10.4.20",
                "browserslist": "^4.24.0",
                "concurrently": "^8.2.2",
                "cssnano": "^6.1.2",
                "esbuild": "^0.24.0",
                "eslint": "^8.57.1",
                "eslint-config-prettier": "^8.10.0",
                "eslint-plugin-prettier": "^4.2.1",
                "jest": "^29.7.0",
                "jest-diff": "^29.7.0",
                "lightningcss": "1.27.0",
                "prettier": "^2.8.8",
                "rimraf": "^5.0.10",
                "source-map-js": "^1.2.1",
                "turbo": "^1.13.4"
            },
            "engines": {
                "node": ">=14.0.0"
            }
        },
        "../../node_modules/.pnpm/vite@5.4.21_lightningcss@1.31.1/node_modules/vite": {
            "version": "5.4.21",
            "dev": true,
            "license": "MIT",
            "dependencies": {
                "esbuild": "^0.21.3",
                "postcss": "^8.4.43",
                "rollup": "^4.20.0"
            },
            "bin": {
                "vite": "bin/vite.js"
            },
            "devDependencies": {
                "@ampproject/remapping": "^2.3.0",
                "@babel/parser": "^7.25.6",
                "@jridgewell/trace-mapping": "^0.3.25",
                "@polka/compression": "^1.0.0-next.25",
                "@rollup/plugin-alias": "^5.1.0",
                "@rollup/plugin-commonjs": "^26.0.1",
                "@rollup/plugin-dynamic-import-vars": "^2.1.2",
                "@rollup/plugin-json": "^6.1.0",
                "@rollup/plugin-node-resolve": "15.2.3",
                "@rollup/pluginutils": "^5.1.0",
                "@types/escape-html": "^1.0.4",
                "@types/pnpapi": "^0.0.5",
                "artichokie": "^0.2.1",
                "cac": "^6.7.14",
                "chokidar": "^3.6.0",
                "connect": "^3.7.0",
                "convert-source-map": "^2.0.0",
                "cors": "^2.8.5",
                "cross-spawn": "^7.0.3",
                "debug": "^4.3.6",
                "dep-types": "link:./src/types",
                "dotenv": "^16.4.5",
                "dotenv-expand": "^11.0.6",
                "es-module-lexer": "^1.5.4",
                "escape-html": "^1.0.3",
                "estree-walker": "^3.0.3",
                "etag": "^1.8.1",
                "fast-glob": "^3.3.2",
                "http-proxy": "^1.18.1",
                "launch-editor-middleware": "^2.9.1",
                "lightningcss": "^1.26.0",
                "magic-string": "^0.30.11",
                "micromatch": "^4.0.8",
                "mlly": "^1.7.1",
                "mrmime": "^2.0.0",
                "open": "^8.4.2",
                "parse5": "^7.1.2",
                "pathe": "^1.1.2",
                "periscopic": "^4.0.2",
                "picocolors": "^1.0.1",
                "picomatch": "^2.3.1",
                "postcss-import": "^16.1.0",
                "postcss-load-config": "^4.0.2",
                "postcss-modules": "^6.0.0",
                "resolve.exports": "^2.0.2",
                "rollup-plugin-dts": "^6.1.1",
                "rollup-plugin-esbuild": "^6.1.1",
                "rollup-plugin-license": "^3.5.2",
                "sass": "^1.77.8",
                "sass-embedded": "^1.77.8",
                "sirv": "^2.0.4",
                "source-map-support": "^0.5.21",
                "strip-ansi": "^7.1.0",
                "strip-literal": "^2.1.0",
                "tsconfck": "^3.1.4",
                "tslib": "^2.7.0",
                "types": "link:./types",
                "ufo": "^1.5.4",
                "ws": "^8.18.0"
            },
            "engines": {
                "node": "^18.0.0 || >=20.0.0"
            },
            "funding": {
                "url": "https://github.com/vitejs/vite?sponsor=1"
            },
            "optionalDependencies": {
                "fsevents": "~2.3.3"
            },
            "peerDependencies": {
                "@types/node": "^18.0.0 || >=20.0.0",
                "less": "*",
                "lightningcss": "^1.21.0",
                "sass": "*",
                "sass-embedded": "*",
                "stylus": "*",
                "sugarss": "*",
                "terser": "^5.4.0"
            },
            "peerDependenciesMeta": {
                "@types/node": {
                    "optional": true
                },
                "less": {
                    "optional": true
                },
                "lightningcss": {
                    "optional": true
                },
                "sass": {
                    "optional": true
                },
                "sass-embedded": {
                    "optional": true
                },
                "stylus": {
                    "optional": true
                },
                "sugarss": {
                    "optional": true
                },
                "terser": {
                    "optional": true
                }
            }
        },
        "node_modules/@tanstack/react-query": {
            "resolved": "../../node_modules/.pnpm/@tanstack+react-query@5.90.21_react@18.3.1/node_modules/@tanstack/react-query",
            "link": true
        },
        "node_modules/@vitejs/plugin-react": {
            "resolved": "../../node_modules/.pnpm/@vitejs+plugin-react@4.7.0_vite@5.4.21_lightningcss@1.31.1_/node_modules/@vitejs/plugin-react",
            "link": true
        },
        "node_modules/autoprefixer": {
            "resolved": "../../node_modules/.pnpm/autoprefixer@10.4.24_postcss@8.5.6/node_modules/autoprefixer",
            "link": true
        },
        "node_modules/cookie": {
            "version": "1.1.1",
            "resolved": "https://registry.npmjs.org/cookie/-/cookie-1.1.1.tgz",
            "integrity": "sha512-ei8Aos7ja0weRpFzJnEA9UHJ/7XQmqglbRwnf2ATjcB9Wq874VKH9kfjjirM6UhU2/E5fFYadylyhFldcqSidQ==",
            "license": "MIT",
            "engines": {
                "node": ">=18"
            },
            "funding": {
                "type": "opencollective",
                "url": "https://opencollective.com/express"
            }
        },
        "node_modules/postcss": {
            "resolved": "../../node_modules/.pnpm/postcss@8.5.6/node_modules/postcss",
            "link": true
        },
        "node_modules/react": {
            "resolved": "../../node_modules/.pnpm/react@18.3.1/node_modules/react",
            "link": true
        },
        "node_modules/react-dom": {
            "resolved": "../../node_modules/.pnpm/react-dom@18.3.1_react@18.3.1/node_modules/react-dom",
            "link": true
        },
        "node_modules/react-hot-toast": {
            "resolved": "../../node_modules/.pnpm/react-hot-toast@2.6.0_react_ded90e1b846baadbbbfd259e63483099/node_modules/react-hot-toast",
            "link": true
        },
        "node_modules/react-router": {
            "version": "7.13.1",
            "resolved": "https://registry.npmjs.org/react-router/-/react-router-7.13.1.tgz",
            "integrity": "sha512-td+xP4X2/6BJvZoX6xw++A2DdEi++YypA69bJUV5oVvqf6/9/9nNlD70YO1e9d3MyamJEBQFEzk6mbfDYbqrSA==",
            "license": "MIT",
            "dependencies": {
                "cookie": "^1.0.1",
                "set-cookie-parser": "^2.6.0"
            },
            "engines": {
                "node": ">=20.0.0"
            },
            "peerDependencies": {
                "react": ">=18",
                "react-dom": ">=18"
            },
            "peerDependenciesMeta": {
                "react-dom": {
                    "optional": true
                }
            }
        },
        "node_modules/react-router-dom": {
            "version": "7.13.1",
            "resolved": "https://registry.npmjs.org/react-router-dom/-/react-router-dom-7.13.1.tgz",
            "integrity": "sha512-UJnV3Rxc5TgUPJt2KJpo1Jpy0OKQr0AjgbZzBFjaPJcFOb2Y8jA5H3LT8HUJAiRLlWrEXWHbF1Z4SCZaQjWDHw==",
            "license": "MIT",
            "dependencies": {
                "react-router": "7.13.1"
            },
            "engines": {
                "node": ">=20.0.0"
            },
            "peerDependencies": {
                "react": ">=18",
                "react-dom": ">=18"
            }
        },
        "node_modules/set-cookie-parser": {
            "version": "2.7.2",
            "resolved": "https://registry.npmjs.org/set-cookie-parser/-/set-cookie-parser-2.7.2.tgz",
            "integrity": "sha512-oeM1lpU/UvhTxw+g3cIfxXHyJRc/uidd3yK1P242gzHds0udQBYzs3y8j4gCCW+ZJ7ad0yctld8RYO+bdurlvw==",
            "license": "MIT"
        },
        "node_modules/tailwindcss": {
            "resolved": "../../node_modules/.pnpm/tailwindcss@3.4.19/node_modules/tailwindcss",
            "link": true
        },
        "node_modules/vite": {
            "resolved": "../../node_modules/.pnpm/vite@5.4.21_lightningcss@1.31.1/node_modules/vite",
            "link": true
        }
    }
}
